
Microsoft Visual Studio Solution File, Format Version 12.00
# Visual Studio Version 16
VisualStudioVersion = 16.0.29911.84
MinimumVisualStudioVersion = 10.0.40219.1
Project("{9A19103F-16F7-4668-BE54-9A1E7A4F7556}") = "PdfSharpCore", "PdfSharpCore\PdfSharpCore.csproj", "{4005DEBC-75F8-48DA-BBCC-353E17872B3E}"
EndProject
Project("{9A19103F-16F7-4668-BE54-9A1E7A4F7556}") = "PdfSharpCore.Charting", "PdfSharpCore.Charting\PdfSharpCore.Charting.csproj", "{F29A5C30-44F9-4BED-8805-21889418DA94}"
EndProject
Project("{9A19103F-16F7-4668-BE54-9A1E7A4F7556}") = "MigraDocCore.DocumentObjectModel", "MigraDocCore.DocumentObjectModel\MigraDocCore.DocumentObjectModel.csproj", "{BB848A5B-07EB-4DC1-A677-5F0EE9FCB68B}"
EndProject
Project("{9A19103F-16F7-4668-BE54-9A1E7A4F7556}") = "MigraDocCore.Rendering", "MigraDocCore.Rendering\MigraDocCore.Rendering.csproj", "{4904F1BB-A236-45AC-BE30-85A0A5218630}"
EndProject
Project("{2150E333-8FDC-42A3-9474-1A3956D46DE8}") = "Solution Items", "Solution Items", "{13A662F4-8E9E-4C4E-A2F8-D56EF31E420B}"
	ProjectSection(SolutionItems) = preProject
		README.md = README.md
	EndProjectSection
EndProject
Project("{9A19103F-16F7-4668-BE54-9A1E7A4F7556}") = "PdfSharpCore.Test", "PdfSharpCore.Test\PdfSharpCore.Test.csproj", "{A862C0CE-C095-459C-A32B-8FCDD15A93BF}"
EndProject
Project("{6EC3EE1D-3C4E-46DD-8F32-0CC8E7565705}") = "PdfSharpCore.Drawing.Avalonia", "PdfSharpCore.Drawing.Avalonia\PdfSharpCore.Drawing.Avalonia.fsproj", "{1EE3102B-9981-433E-9A37-61E9E960C417}"
EndProject
Project("{9A19103F-16F7-4668-BE54-9A1E7A4F7556}") = "MigraDocCore.Rendering.Avalonia", "MigraDocCore.Rendering.Avalonia\MigraDocCore.Rendering.Avalonia.csproj", "{8EB09FED-BD39-4638-9C86-778F4AF6B43D}"
EndProject
Project("{9A19103F-16F7-4668-BE54-9A1E7A4F7556}") = "MigraDocCore.Avalonia.Samples", "MigraDocCore.Avalonia.Samples\MigraDocCore.Avalonia.Samples.csproj", "{624EE090-A61D-44C6-A4C3-FAAA52F259EC}"
EndProject
Global
	GlobalSection(SolutionConfigurationPlatforms) = preSolution
		Debug|Any CPU = Debug|Any CPU
		Release|Any CPU = Release|Any CPU
	EndGlobalSection
	GlobalSection(ProjectConfigurationPlatforms) = postSolution
		{4005DEBC-75F8-48DA-BBCC-353E17872B3E}.Debug|Any CPU.ActiveCfg = Debug|Any CPU
		{4005DEBC-75F8-48DA-BBCC-353E17872B3E}.Debug|Any CPU.Build.0 = Debug|Any CPU
		{4005DEBC-75F8-48DA-BBCC-353E17872B3E}.Release|Any CPU.ActiveCfg = Release|Any CPU
		{4005DEBC-75F8-48DA-BBCC-353E17872B3E}.Release|Any CPU.Build.0 = Release|Any CPU
		{F29A5C30-44F9-4BED-8805-21889418DA94}.Debug|Any CPU.ActiveCfg = Debug|Any CPU
		{F29A5C30-44F9-4BED-8805-21889418DA94}.Debug|Any CPU.Build.0 = Debug|Any CPU
		{F29A5C30-44F9-4BED-8805-21889418DA94}.Release|Any CPU.ActiveCfg = Release|Any CPU
		{F29A5C30-44F9-4BED-8805-21889418DA94}.Release|Any CPU.Build.0 = Release|Any CPU
		{BB848A5B-07EB-4DC1-A677-5F0EE9FCB68B}.Debug|Any CPU.ActiveCfg = Debug|Any CPU
		{BB848A5B-07EB-4DC1-A677-5F0EE9FCB68B}.Debug|Any CPU.Build.0 = Debug|Any CPU
		{BB848A5B-07EB-4DC1-A677-5F0EE9FCB68B}.Release|Any CPU.ActiveCfg = Release|Any CPU
		{BB848A5B-07EB-4DC1-A677-5F0EE9FCB68B}.Release|Any CPU.Build.0 = Release|Any CPU
		{4904F1BB-A236-45AC-BE30-85A0A5218630}.Debug|Any CPU.ActiveCfg = Debug|Any CPU
		{4904F1BB-A236-45AC-BE30-85A0A5218630}.Debug|Any CPU.Build.0 = Debug|Any CPU
		{4904F1BB-A236-45AC-BE30-85A0A5218630}.Release|Any CPU.ActiveCfg = Release|Any CPU
		{4904F1BB-A236-45AC-BE30-85A0A5218630}.Release|Any CPU.Build.0 = Release|Any CPU
		{A862C0CE-C095-459C-A32B-8FCDD15A93BF}.Debug|Any CPU.ActiveCfg = Debug|Any CPU
		{A862C0CE-C095-459C-A32B-8FCDD15A93BF}.Debug|Any CPU.Build.0 = Debug|Any CPU
		{A862C0CE-C095-459C-A32B-8FCDD15A93BF}.Release|Any CPU.ActiveCfg = Release|Any CPU
		{A862C0CE-C095-459C-A32B-8FCDD15A93BF}.Release|Any CPU.Build.0 = Release|Any CPU
		{1EE3102B-9981-433E-9A37-61E9E960C417}.Debug|Any CPU.ActiveCfg = Debug|Any CPU
		{1EE3102B-9981-433E-9A37-61E9E960C417}.Debug|Any CPU.Build.0 = Debug|Any CPU
		{1EE3102B-9981-433E-9A37-61E9E960C417}.Release|Any CPU.ActiveCfg = Release|Any CPU
		{1EE3102B-9981-433E-9A37-61E9E960C417}.Release|Any CPU.Build.0 = Release|Any CPU
		{8EB09FED-BD39-4638-9C86-778F4AF6B43D}.Debug|Any CPU.ActiveCfg = Debug|Any CPU
		{8EB09FED-BD39-4638-9C86-778F4AF6B43D}.Debug|Any CPU.Build.0 = Debug|Any CPU
		{8EB09FED-BD39-4638-9C86-778F4AF6B43D}.Release|Any CPU.ActiveCfg = Release|Any CPU
		{8EB09FED-BD39-4638-9C86-778F4AF6B43D}.Release|Any CPU.Build.0 = Release|Any CPU
		{624EE090-A61D-44C6-A4C3-FAAA52F259EC}.Debug|Any CPU.ActiveCfg = Debug|Any CPU
		{624EE090-A61D-44C6-A4C3-FAAA52F259EC}.Debug|Any CPU.Build.0 = Debug|Any CPU
		{624EE090-A61D-44C6-A4C3-FAAA52F259EC}.Release|Any CPU.ActiveCfg = Release|Any CPU
		{624EE090-A61D-44C6-A4C3-FAAA52F259EC}.Release|Any CPU.Build.0 = Release|Any CPU
	EndGlobalSection
	GlobalSection(SolutionProperties) = preSolution
		HideSolutionNode = FALSE
	EndGlobalSection
	GlobalSection(ExtensibilityGlobals) = postSolution
		SolutionGuid = {818DFF49-8C61-42A6-97E8-BD450B57F459}
	EndGlobalSection
EndGlobal
